<Solution>
  <Folder Name="/Solution Items/">
    <File Path=".gitignore" />
  </Folder>
  <Project Path="Poject.Api/Project.Api.csproj" />
  <Project Path="Poject.Application/Project.Application.csproj" />
  <Project Path="Poject.Domain/Project.Domain.csproj" />
  <Project Path="Poject.Infrastructure/Project.Infrastructure.csproj" />
</Solution>
